{
  "name": "hugo-micromorph",
  "version": "1.0.0",
  "lockfileVersion": 3,
  "requires": true,
  "packages": {
    "": {
      "name": "hugo-micromorph",
      "version": "1.0.0",
      "license": "MIT",
      "dependencies": {
        "micromorph": "^0.4.5"
      }
    },
    "node_modules/micromorph": {
      "version": "0.4.5",
      "resolved": "https://registry.npmjs.org/micromorph/-/micromorph-0.4.5.tgz",
      "integrity": "sha512-Erasr0xiDvDeEhh7B/k7RFTwwfaAX10D7BMorNpokkwDh6XsRLYWDPaWF1m5JQeMSkGdqlEtQ8s68NcdDWuGgw==",
      "license": "MIT"
    }
  }
}
